
Microsoft Visual Studio Solution File, Format Version 12.00
# Visual Studio 15
VisualStudioVersion = 15.0.28307.572
MinimumVisualStudioVersion = 10.0.40219.1
Project("{9A19103F-16F7-4668-BE54-9A1E7A4F7556}") = "MyAvana.Models", "MyAvana.Models\MyAvana.Models.csproj", "{DC69EE26-8CC8-4C17-B505-FBCD91814101}"
EndProject
Project("{2150E333-8FDC-42A3-9474-1A3956D46DE8}") = "Microservices", "Microservices", "{2564BAD7-44E0-4004-B8F6-A5EDFB8A994E}"
EndProject
Project("{9A19103F-16F7-4668-BE54-9A1E7A4F7556}") = "MyAvana.DAL", "MyAvana.DAL\MyAvana.DAL.csproj", "{B2CB5AF5-4A32-4CE1-A5E9-66E8993F7E71}"
EndProject
Project("{9A19103F-16F7-4668-BE54-9A1E7A4F7556}") = "MyAvana.Gateway", "MyAvana.Gateway\MyAvana.Gateway.csproj", "{3892CD70-A670-4640-B6F7-BA95CB370B1E}"
EndProject
Project("{9A19103F-16F7-4668-BE54-9A1E7A4F7556}") = "MyAvana.Payments.Api", "MyAvana.Payments\MyAvana.Payments.Api.csproj", "{25251DCD-BB2B-4CB3-9E70-D26F8A324BCA}"
EndProject
Project("{9A19103F-16F7-4668-BE54-9A1E7A4F7556}") = "MyAvana.AI.Api", "MyAvana.AI.Api\MyAvana.AI.Api.csproj", "{AEB99203-836D-419C-B730-2326C77E5BE3}"
EndProject
Project("{9A19103F-16F7-4668-BE54-9A1E7A4F7556}") = "MyAvana.Auth.Api", "MyAvana.Auth.Api\MyAvana.Auth.Api.csproj", "{6A2B6B00-804A-430E-9E10-040916F75E68}"
EndProject
Project("{2150E333-8FDC-42A3-9474-1A3956D46DE8}") = "Utilities", "Utilities", "{DB9B98FC-5C65-4EBB-8F89-09EBCBA5B608}"
EndProject
Project("{9A19103F-16F7-4668-BE54-9A1E7A4F7556}") = "MyAvana.Crypto", "MyAvana.Crypto\MyAvana.Crypto.csproj", "{EE712543-22A1-48E0-B456-A9D45F81C26E}"
EndProject
Project("{9A19103F-16F7-4668-BE54-9A1E7A4F7556}") = "MyAvana.EmailService", "MyAvana.EmailService\MyAvana.EmailService.csproj", "{F6203C9D-DBE0-43B2-84E0-BFE490AEE266}"
EndProject
Project("{9A19103F-16F7-4668-BE54-9A1E7A4F7556}") = "MyAvana.Logger", "MyAvana.Logger\MyAvana.Logger.csproj", "{5B788338-BA43-479D-AA92-F771DE9254DB}"
EndProject
Project("{9A19103F-16F7-4668-BE54-9A1E7A4F7556}") = "MyAvana.Framework", "MyAvana.TokenService\MyAvana.Framework.csproj", "{EEA35DE3-BB10-49E0-9530-FA026A344185}"
EndProject
Project("{FAE04EC0-301F-11D3-BF4B-00C04F79EFBC}") = "MyAvana.CRM.Api", "MyAvana.CRM.Api\MyAvana.CRM.Api.csproj", "{E257803C-4D62-40DB-82CF-3C34FF433365}"
EndProject
Project("{2150E333-8FDC-42A3-9474-1A3956D46DE8}") = "ExcelImport", "ExcelImport", "{0BAEEA32-341D-4752-81D2-DFCBE7CF8B05}"
EndProject
Project("{FAE04EC0-301F-11D3-BF4B-00C04F79EFBC}") = "MyAvana.ExcelImport", "MyAvana.ExcelImport\MyAvana.ExcelImport.csproj", "{2843F909-CA71-4E1F-937C-8022C1E11DA1}"
EndProject
Global
	GlobalSection(SolutionConfigurationPlatforms) = preSolution
		Debug|Any CPU = Debug|Any CPU
		Release|Any CPU = Release|Any CPU
	EndGlobalSection
	GlobalSection(ProjectConfigurationPlatforms) = postSolution
		{DC69EE26-8CC8-4C17-B505-FBCD91814101}.Debug|Any CPU.ActiveCfg = Debug|Any CPU
		{DC69EE26-8CC8-4C17-B505-FBCD91814101}.Debug|Any CPU.Build.0 = Debug|Any CPU
		{DC69EE26-8CC8-4C17-B505-FBCD91814101}.Release|Any CPU.ActiveCfg = Release|Any CPU
		{DC69EE26-8CC8-4C17-B505-FBCD91814101}.Release|Any CPU.Build.0 = Release|Any CPU
		{B2CB5AF5-4A32-4CE1-A5E9-66E8993F7E71}.Debug|Any CPU.ActiveCfg = Debug|Any CPU
		{B2CB5AF5-4A32-4CE1-A5E9-66E8993F7E71}.Debug|Any CPU.Build.0 = Debug|Any CPU
		{B2CB5AF5-4A32-4CE1-A5E9-66E8993F7E71}.Release|Any CPU.ActiveCfg = Release|Any CPU
		{B2CB5AF5-4A32-4CE1-A5E9-66E8993F7E71}.Release|Any CPU.Build.0 = Release|Any CPU
		{3892CD70-A670-4640-B6F7-BA95CB370B1E}.Debug|Any CPU.ActiveCfg = Debug|Any CPU
		{3892CD70-A670-4640-B6F7-BA95CB370B1E}.Debug|Any CPU.Build.0 = Debug|Any CPU
		{3892CD70-A670-4640-B6F7-BA95CB370B1E}.Release|Any CPU.ActiveCfg = Release|Any CPU
		{3892CD70-A670-4640-B6F7-BA95CB370B1E}.Release|Any CPU.Build.0 = Release|Any CPU
		{25251DCD-BB2B-4CB3-9E70-D26F8A324BCA}.Debug|Any CPU.ActiveCfg = Debug|Any CPU
		{25251DCD-BB2B-4CB3-9E70-D26F8A324BCA}.Debug|Any CPU.Build.0 = Debug|Any CPU
		{25251DCD-BB2B-4CB3-9E70-D26F8A324BCA}.Release|Any CPU.ActiveCfg = Release|Any CPU
		{25251DCD-BB2B-4CB3-9E70-D26F8A324BCA}.Release|Any CPU.Build.0 = Release|Any CPU
		{AEB99203-836D-419C-B730-2326C77E5BE3}.Debug|Any CPU.ActiveCfg = Debug|Any CPU
		{AEB99203-836D-419C-B730-2326C77E5BE3}.Debug|Any CPU.Build.0 = Debug|Any CPU
		{AEB99203-836D-419C-B730-2326C77E5BE3}.Release|Any CPU.ActiveCfg = Release|Any CPU
		{AEB99203-836D-419C-B730-2326C77E5BE3}.Release|Any CPU.Build.0 = Release|Any CPU
		{6A2B6B00-804A-430E-9E10-040916F75E68}.Debug|Any CPU.ActiveCfg = Debug|Any CPU
		{6A2B6B00-804A-430E-9E10-040916F75E68}.Debug|Any CPU.Build.0 = Debug|Any CPU
		{6A2B6B00-804A-430E-9E10-040916F75E68}.Release|Any CPU.ActiveCfg = Release|Any CPU
		{6A2B6B00-804A-430E-9E10-040916F75E68}.Release|Any CPU.Build.0 = Release|Any CPU
		{EE712543-22A1-48E0-B456-A9D45F81C26E}.Debug|Any CPU.ActiveCfg = Debug|Any CPU
		{EE712543-22A1-48E0-B456-A9D45F81C26E}.Debug|Any CPU.Build.0 = Debug|Any CPU
		{EE712543-22A1-48E0-B456-A9D45F81C26E}.Release|Any CPU.ActiveCfg = Release|Any CPU
		{EE712543-22A1-48E0-B456-A9D45F81C26E}.Release|Any CPU.Build.0 = Release|Any CPU
		{F6203C9D-DBE0-43B2-84E0-BFE490AEE266}.Debug|Any CPU.ActiveCfg = Debug|Any CPU
		{F6203C9D-DBE0-43B2-84E0-BFE490AEE266}.Debug|Any CPU.Build.0 = Debug|Any CPU
		{F6203C9D-DBE0-43B2-84E0-BFE490AEE266}.Release|Any CPU.ActiveCfg = Release|Any CPU
		{F6203C9D-DBE0-43B2-84E0-BFE490AEE266}.Release|Any CPU.Build.0 = Release|Any CPU
		{5B788338-BA43-479D-AA92-F771DE9254DB}.Debug|Any CPU.ActiveCfg = Debug|Any CPU
		{5B788338-BA43-479D-AA92-F771DE9254DB}.Debug|Any CPU.Build.0 = Debug|Any CPU
		{5B788338-BA43-479D-AA92-F771DE9254DB}.Release|Any CPU.ActiveCfg = Release|Any CPU
		{5B788338-BA43-479D-AA92-F771DE9254DB}.Release|Any CPU.Build.0 = Release|Any CPU
		{EEA35DE3-BB10-49E0-9530-FA026A344185}.Debug|Any CPU.ActiveCfg = Debug|Any CPU
		{EEA35DE3-BB10-49E0-9530-FA026A344185}.Debug|Any CPU.Build.0 = Debug|Any CPU
		{EEA35DE3-BB10-49E0-9530-FA026A344185}.Release|Any CPU.ActiveCfg = Release|Any CPU
		{EEA35DE3-BB10-49E0-9530-FA026A344185}.Release|Any CPU.Build.0 = Release|Any CPU
		{E257803C-4D62-40DB-82CF-3C34FF433365}.Debug|Any CPU.ActiveCfg = Debug|Any CPU
		{E257803C-4D62-40DB-82CF-3C34FF433365}.Debug|Any CPU.Build.0 = Debug|Any CPU
		{E257803C-4D62-40DB-82CF-3C34FF433365}.Release|Any CPU.ActiveCfg = Release|Any CPU
		{E257803C-4D62-40DB-82CF-3C34FF433365}.Release|Any CPU.Build.0 = Release|Any CPU
		{2843F909-CA71-4E1F-937C-8022C1E11DA1}.Debug|Any CPU.ActiveCfg = Debug|Any CPU
		{2843F909-CA71-4E1F-937C-8022C1E11DA1}.Debug|Any CPU.Build.0 = Debug|Any CPU
		{2843F909-CA71-4E1F-937C-8022C1E11DA1}.Release|Any CPU.ActiveCfg = Release|Any CPU
		{2843F909-CA71-4E1F-937C-8022C1E11DA1}.Release|Any CPU.Build.0 = Release|Any CPU
	EndGlobalSection
	GlobalSection(SolutionProperties) = preSolution
		HideSolutionNode = FALSE
	EndGlobalSection
	GlobalSection(NestedProjects) = preSolution
		{25251DCD-BB2B-4CB3-9E70-D26F8A324BCA} = {2564BAD7-44E0-4004-B8F6-A5EDFB8A994E}
		{AEB99203-836D-419C-B730-2326C77E5BE3} = {2564BAD7-44E0-4004-B8F6-A5EDFB8A994E}
		{6A2B6B00-804A-430E-9E10-040916F75E68} = {2564BAD7-44E0-4004-B8F6-A5EDFB8A994E}
		{EE712543-22A1-48E0-B456-A9D45F81C26E} = {DB9B98FC-5C65-4EBB-8F89-09EBCBA5B608}
		{F6203C9D-DBE0-43B2-84E0-BFE490AEE266} = {DB9B98FC-5C65-4EBB-8F89-09EBCBA5B608}
		{5B788338-BA43-479D-AA92-F771DE9254DB} = {DB9B98FC-5C65-4EBB-8F89-09EBCBA5B608}
		{EEA35DE3-BB10-49E0-9530-FA026A344185} = {DB9B98FC-5C65-4EBB-8F89-09EBCBA5B608}
		{E257803C-4D62-40DB-82CF-3C34FF433365} = {2564BAD7-44E0-4004-B8F6-A5EDFB8A994E}
		{2843F909-CA71-4E1F-937C-8022C1E11DA1} = {0BAEEA32-341D-4752-81D2-DFCBE7CF8B05}
	EndGlobalSection
	GlobalSection(ExtensibilityGlobals) = postSolution
		SolutionGuid = {9E9C9296-229A-4435-A90B-7EF18D7C4A27}
	EndGlobalSection
EndGlobal
